
Microsoft Visual Studio Solution File, Format Version 12.00
# Visual Studio Version 17
VisualStudioVersion = 17.5.33530.505
MinimumVisualStudioVersion = 10.0.40219.1
Project("{2150E333-8FDC-42A3-9474-1A3956D46DE8}") = "SolutionItems", "SolutionItems", "{8127012B-89E6-4372-B99D-B93B46508231}"
	ProjectSection(SolutionItems) = preProject
		.editorconfig = .editorconfig
		.gitignore = .gitignore
		Directory.Build.props = Directory.Build.props
		Directory.Packages.props = Directory.Packages.props
		license.txt = license.txt
		readme.md = readme.md
		stylecop.json = stylecop.json
		stylecop.ruleset = stylecop.ruleset
	EndProjectSection
EndProject
Project("{FAE04EC0-301F-11D3-BF4B-00C04F79EFBC}") = "LuzFaltex.ConCat.API", "src\LuzFaltex.ConCat.API\LuzFaltex.ConCat.API.csproj", "{CE67861D-2EEC-422E-9C0D-72461EE3D6FD}"
EndProject
Project("{FAE04EC0-301F-11D3-BF4B-00C04F79EFBC}") = "LuzFaltex.ConCat.API.Abstractions", "src\LuzFaltex.ConCat.API.Abstractions\LuzFaltex.ConCat.API.Abstractions.csproj", "{1ECB07A3-B546-4388-9A9F-FE3C8284DD14}"
EndProject
Global
	GlobalSection(SolutionConfigurationPlatforms) = preSolution
		Debug|Any CPU = Debug|Any CPU
		Release|Any CPU = Release|Any CPU
	EndGlobalSection
	GlobalSection(ProjectConfigurationPlatforms) = postSolution
		{CE67861D-2EEC-422E-9C0D-72461EE3D6FD}.Debug|Any CPU.ActiveCfg = Debug|Any CPU
		{CE67861D-2EEC-422E-9C0D-72461EE3D6FD}.Debug|Any CPU.Build.0 = Debug|Any CPU
		{CE67861D-2EEC-422E-9C0D-72461EE3D6FD}.Release|Any CPU.ActiveCfg = Release|Any CPU
		{CE67861D-2EEC-422E-9C0D-72461EE3D6FD}.Release|Any CPU.Build.0 = Release|Any CPU
		{1ECB07A3-B546-4388-9A9F-FE3C8284DD14}.Debug|Any CPU.ActiveCfg = Debug|Any CPU
		{1ECB07A3-B546-4388-9A9F-FE3C8284DD14}.Debug|Any CPU.Build.0 = Debug|Any CPU
		{1ECB07A3-B546-4388-9A9F-FE3C8284DD14}.Release|Any CPU.ActiveCfg = Release|Any CPU
		{1ECB07A3-B546-4388-9A9F-FE3C8284DD14}.Release|Any CPU.Build.0 = Release|Any CPU
	EndGlobalSection
	GlobalSection(SolutionProperties) = preSolution
		HideSolutionNode = FALSE
	EndGlobalSection
EndGlobal
